
Microsoft Visual Studio Solution File, Format Version 12.00
# Visual Studio Version 17
VisualStudioVersion = 17.7.34009.444
MinimumVisualStudioVersion = 10.0.40219.1
Project("{FAE04EC0-301F-11D3-BF4B-00C04F79EFBC}") = "ApiCatalogo", "ApiCatalogo\ApiCatalogo.csproj", "{AFC9CFEB-34D6-4E4F-A8D6-4CFA6F8A6E23}"
EndProject
Global
	GlobalSection(SolutionConfigurationPlatforms) = preSolution
		Debug|Any CPU = Debug|Any CPU
		Release|Any CPU = Release|Any CPU
	EndGlobalSection
	GlobalSection(ProjectConfigurationPlatforms) = postSolution
		{AFC9CFEB-34D6-4E4F-A8D6-4CFA6F8A6E23}.Debug|Any CPU.ActiveCfg = Debug|Any CPU
		{AFC9CFEB-34D6-4E4F-A8D6-4CFA6F8A6E23}.Debug|Any CPU.Build.0 = Debug|Any CPU
		{AFC9CFEB-34D6-4E4F-A8D6-4CFA6F8A6E23}.Release|Any CPU.ActiveCfg = Release|Any CPU
		{AFC9CFEB-34D6-4E4F-A8D6-4CFA6F8A6E23}.Release|Any CPU.Build.0 = Release|Any CPU
	EndGlobalSection
	GlobalSection(SolutionProperties) = preSolution
		HideSolutionNode = FALSE
	EndGlobalSection
	GlobalSection(ExtensibilityGlobals) = postSolution
		SolutionGuid = {A704F841-A6F6-4DBC-ADFC-A4EF27EE1F18}
	EndGlobalSection
EndGlobal
